{
	"name": "example",
	"lockfileVersion": 2,
	"requires": true,
	"packages": {
		"": {
			"dependencies": {
				"@assemblyscript/loader": "^0.18.11",
				"ecmassembly": "file:../",
				"raf": "^3.4.1"
			},
			"devDependencies": {
				"assemblyscript": "^0.18.11"
			}
		},
		"..": {
			"version": "0.1.1",
			"dependencies": {
				"@assemblyscript/loader": "^0.18.11"
			},
			"devDependencies": {
				"assemblyscript": "^0.18.11",
				"prettier": "^2.2.1"
			}
		},
		"../node_modules/@assemblyscript/loader": {
			"version": "0.18.11",
			"resolved": "https://registry.npmjs.org/@assemblyscript/loader/-/loader-0.18.11.tgz",
			"integrity": "sha512-pUykyGD8kysZsphUfxyYJyWnlPYTCkngUwRf2Hi8GCMXcEGuKbA0juW0bxzP1ve+jxGeRaqdhyzL9npJTOFX+w=="
		},
		"../node_modules/assemblyscript": {
			"version": "0.18.11",
			"resolved": "https://registry.npmjs.org/assemblyscript/-/assemblyscript-0.18.11.tgz",
			"integrity": "sha512-QIIPeHRq+0uw7A2xWzmJM1I8Ca7AGuNpp2JFFkdTBMfVrQULtWieqOBIZG+VDRbYEbjbCdonEWcnGCi2ujzz6Q==",
			"dev": true,
			"dependencies": {
				"binaryen": "98.0.0-nightly.20210106",
				"long": "^4.0.0"
			},
			"bin": {
				"asc": "bin/asc",
				"asinit": "bin/asinit"
			}
		},
		"../node_modules/binaryen": {
			"version": "98.0.0-nightly.20210106",
			"resolved": "https://registry.npmjs.org/binaryen/-/binaryen-98.0.0-nightly.20210106.tgz",
			"integrity": "sha512-iunAgesqT9PXVYCc72FA4h0sCCKLifruT6NuUH63xqlFJGpChhZLgOtyIb/fIgTibN5Pd692cxfBViyCWFsJ9Q==",
			"dev": true,
			"bin": {
				"wasm-opt": "bin/wasm-opt"
			}
		},
		"../node_modules/long": {
			"version": "4.0.0",
			"resolved": "https://registry.npmjs.org/long/-/long-4.0.0.tgz",
			"integrity": "sha512-XsP+KhQif4bjX1kbuSiySJFNAehNxgLb6hPRGJ9QsUr8ajHkuXGdrHmFUTUUXhDwVX2R5bY4JNZEwbUiMhV+MA==",
			"dev": true
		},
		"../node_modules/prettier": {
			"version": "2.2.1",
			"resolved": "https://registry.npmjs.org/prettier/-/prettier-2.2.1.tgz",
			"integrity": "sha512-PqyhM2yCjg/oKkFPtTGUojv7gnZAoG80ttl45O6x2Ug/rMJw4wcc9k6aaf2hibP7BGVCCM33gZoGjyvt9mm16Q==",
			"dev": true,
			"bin": {
				"prettier": "bin-prettier.js"
			},
			"engines": {
				"node": ">=10.13.0"
			}
		},
		"node_modules/@assemblyscript/loader": {
			"version": "0.18.14",
			"resolved": "https://registry.npmjs.org/@assemblyscript/loader/-/loader-0.18.14.tgz",
			"integrity": "sha512-UkXt+t67VC/GPmtvng1lL23Yk2B1nffwyzCao1Q/DMdVlQCbVCCb/9b9eiGff1F+VbFU8JadD5eTbGnPu8aNXA=="
		},
		"node_modules/assemblyscript": {
			"version": "0.18.14",
			"resolved": "https://registry.npmjs.org/assemblyscript/-/assemblyscript-0.18.14.tgz",
			"integrity": "sha512-HdWn1iUoMc3U2PT6wFA4dvU0tGrWJSNVfQwOoNjEVxhMIOVsFP6h2K/We6Cp332XctZHVRXeiEDj8ih3KJAe4g==",
			"dev": true,
			"dependencies": {
				"binaryen": "100.0.0",
				"long": "^4.0.0"
			},
			"bin": {
				"asc": "bin/asc",
				"asinit": "bin/asinit"
			}
		},
		"node_modules/binaryen": {
			"version": "100.0.0",
			"resolved": "https://registry.npmjs.org/binaryen/-/binaryen-100.0.0.tgz",
			"integrity": "sha512-nxOt8d8/VXAuSVEtAWUdKrqpqCy365QqD223EzzB1GzS5himiZAfM/R5lXx+M/5q8TB8cYp3tYxv5rTjNTJveQ==",
			"dev": true,
			"bin": {
				"wasm-opt": "bin/wasm-opt"
			}
		},
		"node_modules/ecmassembly": {
			"resolved": "..",
			"link": true
		},
		"node_modules/long": {
			"version": "4.0.0",
			"resolved": "https://registry.npmjs.org/long/-/long-4.0.0.tgz",
			"integrity": "sha512-XsP+KhQif4bjX1kbuSiySJFNAehNxgLb6hPRGJ9QsUr8ajHkuXGdrHmFUTUUXhDwVX2R5bY4JNZEwbUiMhV+MA==",
			"dev": true
		},
		"node_modules/performance-now": {
			"version": "2.1.0",
			"resolved": "https://registry.npmjs.org/performance-now/-/performance-now-2.1.0.tgz",
			"integrity": "sha1-Ywn04OX6kT7BxpMHrjZLSzd8nns="
		},
		"node_modules/raf": {
			"version": "3.4.1",
			"resolved": "https://registry.npmjs.org/raf/-/raf-3.4.1.tgz",
			"integrity": "sha512-Sq4CW4QhwOHE8ucn6J34MqtZCeWFP2aQSmrlroYgqAV1PjStIhJXxYuTgUIfkEk7zTLjmIjLmU5q+fbD1NnOJA==",
			"dependencies": {
				"performance-now": "^2.1.0"
			}
		}
	},
	"dependencies": {
		"@assemblyscript/loader": {
			"version": "0.18.14",
			"resolved": "https://registry.npmjs.org/@assemblyscript/loader/-/loader-0.18.14.tgz",
			"integrity": "sha512-UkXt+t67VC/GPmtvng1lL23Yk2B1nffwyzCao1Q/DMdVlQCbVCCb/9b9eiGff1F+VbFU8JadD5eTbGnPu8aNXA=="
		},
		"assemblyscript": {
			"version": "0.18.14",
			"resolved": "https://registry.npmjs.org/assemblyscript/-/assemblyscript-0.18.14.tgz",
			"integrity": "sha512-HdWn1iUoMc3U2PT6wFA4dvU0tGrWJSNVfQwOoNjEVxhMIOVsFP6h2K/We6Cp332XctZHVRXeiEDj8ih3KJAe4g==",
			"dev": true,
			"requires": {
				"binaryen": "100.0.0",
				"long": "^4.0.0"
			}
		},
		"binaryen": {
			"version": "100.0.0",
			"resolved": "https://registry.npmjs.org/binaryen/-/binaryen-100.0.0.tgz",
			"integrity": "sha512-nxOt8d8/VXAuSVEtAWUdKrqpqCy365QqD223EzzB1GzS5himiZAfM/R5lXx+M/5q8TB8cYp3tYxv5rTjNTJveQ==",
			"dev": true
		},
		"ecmassembly": {
			"version": "file:..",
			"requires": {
				"@assemblyscript/loader": "^0.18.11",
				"assemblyscript": "^0.18.11",
				"prettier": "^2.2.1"
			},
			"dependencies": {
				"@assemblyscript/loader": {
					"version": "0.18.11",
					"resolved": "https://registry.npmjs.org/@assemblyscript/loader/-/loader-0.18.11.tgz",
					"integrity": "sha512-pUykyGD8kysZsphUfxyYJyWnlPYTCkngUwRf2Hi8GCMXcEGuKbA0juW0bxzP1ve+jxGeRaqdhyzL9npJTOFX+w=="
				},
				"assemblyscript": {
					"version": "0.18.11",
					"resolved": "https://registry.npmjs.org/assemblyscript/-/assemblyscript-0.18.11.tgz",
					"integrity": "sha512-QIIPeHRq+0uw7A2xWzmJM1I8Ca7AGuNpp2JFFkdTBMfVrQULtWieqOBIZG+VDRbYEbjbCdonEWcnGCi2ujzz6Q==",
					"dev": true,
					"requires": {
						"binaryen": "98.0.0-nightly.20210106",
						"long": "^4.0.0"
					}
				},
				"binaryen": {
					"version": "98.0.0-nightly.20210106",
					"resolved": "https://registry.npmjs.org/binaryen/-/binaryen-98.0.0-nightly.20210106.tgz",
					"integrity": "sha512-iunAgesqT9PXVYCc72FA4h0sCCKLifruT6NuUH63xqlFJGpChhZLgOtyIb/fIgTibN5Pd692cxfBViyCWFsJ9Q==",
					"dev": true
				},
				"long": {
					"version": "4.0.0",
					"resolved": "https://registry.npmjs.org/long/-/long-4.0.0.tgz",
					"integrity": "sha512-XsP+KhQif4bjX1kbuSiySJFNAehNxgLb6hPRGJ9QsUr8ajHkuXGdrHmFUTUUXhDwVX2R5bY4JNZEwbUiMhV+MA==",
					"dev": true
				},
				"prettier": {
					"version": "2.2.1",
					"resolved": "https://registry.npmjs.org/prettier/-/prettier-2.2.1.tgz",
					"integrity": "sha512-PqyhM2yCjg/oKkFPtTGUojv7gnZAoG80ttl45O6x2Ug/rMJw4wcc9k6aaf2hibP7BGVCCM33gZoGjyvt9mm16Q==",
					"dev": true
				}
			}
		},
		"long": {
			"version": "4.0.0",
			"resolved": "https://registry.npmjs.org/long/-/long-4.0.0.tgz",
			"integrity": "sha512-XsP+KhQif4bjX1kbuSiySJFNAehNxgLb6hPRGJ9QsUr8ajHkuXGdrHmFUTUUXhDwVX2R5bY4JNZEwbUiMhV+MA==",
			"dev": true
		},
		"performance-now": {
			"version": "2.1.0",
			"resolved": "https://registry.npmjs.org/performance-now/-/performance-now-2.1.0.tgz",
			"integrity": "sha1-Ywn04OX6kT7BxpMHrjZLSzd8nns="
		},
		"raf": {
			"version": "3.4.1",
			"resolved": "https://registry.npmjs.org/raf/-/raf-3.4.1.tgz",
			"integrity": "sha512-Sq4CW4QhwOHE8ucn6J34MqtZCeWFP2aQSmrlroYgqAV1PjStIhJXxYuTgUIfkEk7zTLjmIjLmU5q+fbD1NnOJA==",
			"requires": {
				"performance-now": "^2.1.0"
			}
		}
	}
}
