{
    "requires": true,
    "lockfileVersion": 1,
    "dependencies": {
        "@assemblyscript/loader": {
            "version": "0.18.11",
            "resolved": "https://registry.npmjs.org/@assemblyscript/loader/-/loader-0.18.11.tgz",
            "integrity": "sha512-pUykyGD8kysZsphUfxyYJyWnlPYTCkngUwRf2Hi8GCMXcEGuKbA0juW0bxzP1ve+jxGeRaqdhyzL9npJTOFX+w=="
        },
        "assemblyscript": {
            "version": "0.18.11",
            "resolved": "https://registry.npmjs.org/assemblyscript/-/assemblyscript-0.18.11.tgz",
            "integrity": "sha512-QIIPeHRq+0uw7A2xWzmJM1I8Ca7AGuNpp2JFFkdTBMfVrQULtWieqOBIZG+VDRbYEbjbCdonEWcnGCi2ujzz6Q==",
            "dev": true,
            "requires": {
                "binaryen": "98.0.0-nightly.20210106",
                "long": "^4.0.0"
            }
        },
        "binaryen": {
            "version": "98.0.0-nightly.20210106",
            "resolved": "https://registry.npmjs.org/binaryen/-/binaryen-98.0.0-nightly.20210106.tgz",
            "integrity": "sha512-iunAgesqT9PXVYCc72FA4h0sCCKLifruT6NuUH63xqlFJGpChhZLgOtyIb/fIgTibN5Pd692cxfBViyCWFsJ9Q==",
            "dev": true
        },
        "long": {
            "version": "4.0.0",
            "resolved": "https://registry.npmjs.org/long/-/long-4.0.0.tgz",
            "integrity": "sha512-XsP+KhQif4bjX1kbuSiySJFNAehNxgLb6hPRGJ9QsUr8ajHkuXGdrHmFUTUUXhDwVX2R5bY4JNZEwbUiMhV+MA==",
            "dev": true
        },
        "prettier": {
            "version": "2.2.1",
            "resolved": "https://registry.npmjs.org/prettier/-/prettier-2.2.1.tgz",
            "integrity": "sha512-PqyhM2yCjg/oKkFPtTGUojv7gnZAoG80ttl45O6x2Ug/rMJw4wcc9k6aaf2hibP7BGVCCM33gZoGjyvt9mm16Q==",
            "dev": true
        }
    },
    "version": "0.1.1"
}
